
Microsoft Visual Studio Solution File, Format Version 12.00
# Visual Studio 15
VisualStudioVersion = 15.0.28307.329
MinimumVisualStudioVersion = 10.0.40219.1
Project("{8BC9CEB8-8B4A-11D0-8D11-00A0C91BC942}") = "Basic_2D_OpenGL_Game", "Basic_2D_OpenGL_Game\Basic_2D_OpenGL_Game.vcxproj", "{23B24F52-AE2E-4147-9EE1-60793ECED4C2}"
EndProject
Global
	GlobalSection(SolutionConfigurationPlatforms) = preSolution
		Debug|x64 = Debug|x64
		Debug|x86 = Debug|x86
		Release|x64 = Release|x64
		Release|x86 = Release|x86
	EndGlobalSection
	GlobalSection(ProjectConfigurationPlatforms) = postSolution
		{23B24F52-AE2E-4147-9EE1-60793ECED4C2}.Debug|x64.ActiveCfg = Debug|x64
		{23B24F52-AE2E-4147-9EE1-60793ECED4C2}.Debug|x64.Build.0 = Debug|x64
		{23B24F52-AE2E-4147-9EE1-60793ECED4C2}.Debug|x86.ActiveCfg = Debug|Win32
		{23B24F52-AE2E-4147-9EE1-60793ECED4C2}.Debug|x86.Build.0 = Debug|Win32
		{23B24F52-AE2E-4147-9EE1-60793ECED4C2}.Release|x64.ActiveCfg = Release|x64
		{23B24F52-AE2E-4147-9EE1-60793ECED4C2}.Release|x64.Build.0 = Release|x64
		{23B24F52-AE2E-4147-9EE1-60793ECED4C2}.Release|x86.ActiveCfg = Release|Win32
		{23B24F52-AE2E-4147-9EE1-60793ECED4C2}.Release|x86.Build.0 = Release|Win32
	EndGlobalSection
	GlobalSection(SolutionProperties) = preSolution
		HideSolutionNode = FALSE
	EndGlobalSection
	GlobalSection(ExtensibilityGlobals) = postSolution
		SolutionGuid = {FC9AFC34-E1CA-4325-957F-3BEC79F01B49}
	EndGlobalSection
EndGlobal
